{
  "name": "memo-geopolitico-centro-local-integrado",
  "version": "0.2.3",
  "lockfileVersion": 3,
  "requires": true,
  "packages": {
    "": {
      "name": "memo-geopolitico-centro-local-integrado",
      "version": "0.2.3",
      "dependencies": {
        "xlsx": "file:vendor/xlsx-0.20.3.tgz"
      },
      "engines": {
        "node": ">=22.12.0"
      }
    },
    "node_modules/xlsx": {
      "version": "0.20.3",
      "resolved": "file:vendor/xlsx-0.20.3.tgz",
      "integrity": "sha512-oLDq3jw7AcLqKWH2AhCpVTZl8mf6X2YReP+Neh0SJUzV/BdZYjth94tG5toiMB1PPrYtxOCfaoUCkvtuH+3AJA==",
      "license": "Apache-2.0",
      "bin": {
        "xlsx": "bin/xlsx.njs"
      },
      "engines": {
        "node": ">=0.8"
      }
    }
  }
}
